
Microsoft Visual Studio Solution File, Format Version 11.00
# Visual Studio 2010
Project("{FAE04EC0-301F-11D3-BF4B-00C04F79EFBC}") = "Assembly-CSharp", "Assembly-CSharp.csproj", "{ABA8F790-5BFD-2A8A-F1DB-E5062A086198}"
EndProject
Global
	GlobalSection(SolutionConfigurationPlatforms) = preSolution
		Debug|Any CPU = Debug|Any CPU
		Release|Any CPU = Release|Any CPU
	EndGlobalSection
	GlobalSection(ProjectConfigurationPlatforms) = postSolution
		{ABA8F790-5BFD-2A8A-F1DB-E5062A086198}.Debug|Any CPU.ActiveCfg = Debug|Any CPU
		{ABA8F790-5BFD-2A8A-F1DB-E5062A086198}.Debug|Any CPU.Build.0 = Debug|Any CPU
		{ABA8F790-5BFD-2A8A-F1DB-E5062A086198}.Release|Any CPU.ActiveCfg = Release|Any CPU
		{ABA8F790-5BFD-2A8A-F1DB-E5062A086198}.Release|Any CPU.Build.0 = Release|Any CPU
	EndGlobalSection
	GlobalSection(SolutionProperties) = preSolution
		HideSolutionNode = FALSE
	EndGlobalSection
EndGlobal
